
Microsoft Visual Studio Solution File, Format Version 12.00
# Visual Studio 15
VisualStudioVersion = 15.0.27703.2042
MinimumVisualStudioVersion = 10.0.40219.1
Project("{FAE04EC0-301F-11D3-BF4B-00C04F79EFBC}") = "Personal_info", "Personal_info\Personal_info.csproj", "{447E3714-5054-4B63-B8DE-B1917D0435CC}"
EndProject
Global
	GlobalSection(SolutionConfigurationPlatforms) = preSolution
		Debug|Any CPU = Debug|Any CPU
		Release|Any CPU = Release|Any CPU
	EndGlobalSection
	GlobalSection(ProjectConfigurationPlatforms) = postSolution
		{447E3714-5054-4B63-B8DE-B1917D0435CC}.Debug|Any CPU.ActiveCfg = Debug|Any CPU
		{447E3714-5054-4B63-B8DE-B1917D0435CC}.Debug|Any CPU.Build.0 = Debug|Any CPU
		{447E3714-5054-4B63-B8DE-B1917D0435CC}.Release|Any CPU.ActiveCfg = Release|Any CPU
		{447E3714-5054-4B63-B8DE-B1917D0435CC}.Release|Any CPU.Build.0 = Release|Any CPU
	EndGlobalSection
	GlobalSection(SolutionProperties) = preSolution
		HideSolutionNode = FALSE
	EndGlobalSection
	GlobalSection(ExtensibilityGlobals) = postSolution
		SolutionGuid = {2A865893-2DB8-4829-8FA1-2A1EEC3FDE46}
	EndGlobalSection
EndGlobal
