
Microsoft Visual Studio Solution File, Format Version 12.00
# Visual Studio 15
VisualStudioVersion = 15.0.27703.2042
MinimumVisualStudioVersion = 10.0.40219.1
Project("{FAE04EC0-301F-11D3-BF4B-00C04F79EFBC}") = "Data_Types_1", "Data_Types_1\Data_Types_1.csproj", "{8B88C274-6376-4185-A378-248CC79E99A3}"
EndProject
Global
	GlobalSection(SolutionConfigurationPlatforms) = preSolution
		Debug|Any CPU = Debug|Any CPU
		Release|Any CPU = Release|Any CPU
	EndGlobalSection
	GlobalSection(ProjectConfigurationPlatforms) = postSolution
		{8B88C274-6376-4185-A378-248CC79E99A3}.Debug|Any CPU.ActiveCfg = Debug|Any CPU
		{8B88C274-6376-4185-A378-248CC79E99A3}.Debug|Any CPU.Build.0 = Debug|Any CPU
		{8B88C274-6376-4185-A378-248CC79E99A3}.Release|Any CPU.ActiveCfg = Release|Any CPU
		{8B88C274-6376-4185-A378-248CC79E99A3}.Release|Any CPU.Build.0 = Release|Any CPU
	EndGlobalSection
	GlobalSection(SolutionProperties) = preSolution
		HideSolutionNode = FALSE
	EndGlobalSection
	GlobalSection(ExtensibilityGlobals) = postSolution
		SolutionGuid = {67B9ED32-4751-452A-A6E4-0480A79172C2}
	EndGlobalSection
EndGlobal
