
Microsoft Visual Studio Solution File, Format Version 12.00
# Visual Studio 15
VisualStudioVersion = 15.0.27703.2042
MinimumVisualStudioVersion = 10.0.40219.1
Project("{FAE04EC0-301F-11D3-BF4B-00C04F79EFBC}") = "While_10", "While_10\While_10.csproj", "{29748392-37AD-417A-B241-970EBF931836}"
EndProject
Global
	GlobalSection(SolutionConfigurationPlatforms) = preSolution
		Debug|Any CPU = Debug|Any CPU
		Release|Any CPU = Release|Any CPU
	EndGlobalSection
	GlobalSection(ProjectConfigurationPlatforms) = postSolution
		{29748392-37AD-417A-B241-970EBF931836}.Debug|Any CPU.ActiveCfg = Debug|Any CPU
		{29748392-37AD-417A-B241-970EBF931836}.Debug|Any CPU.Build.0 = Debug|Any CPU
		{29748392-37AD-417A-B241-970EBF931836}.Release|Any CPU.ActiveCfg = Release|Any CPU
		{29748392-37AD-417A-B241-970EBF931836}.Release|Any CPU.Build.0 = Release|Any CPU
	EndGlobalSection
	GlobalSection(SolutionProperties) = preSolution
		HideSolutionNode = FALSE
	EndGlobalSection
	GlobalSection(ExtensibilityGlobals) = postSolution
		SolutionGuid = {25BC8ED8-AA3A-4D41-8E23-06586A7D301A}
	EndGlobalSection
EndGlobal
