
Microsoft Visual Studio Solution File, Format Version 12.00
# Visual Studio 15
VisualStudioVersion = 15.0.27703.2042
MinimumVisualStudioVersion = 10.0.40219.1
Project("{FAE04EC0-301F-11D3-BF4B-00C04F79EFBC}") = "խնդիր 8", "խնդիր 8\խնդիր 8.csproj", "{31A4B4D8-0D56-4F5E-9FA8-ABD584A2319E}"
EndProject
Global
	GlobalSection(SolutionConfigurationPlatforms) = preSolution
		Debug|Any CPU = Debug|Any CPU
		Release|Any CPU = Release|Any CPU
	EndGlobalSection
	GlobalSection(ProjectConfigurationPlatforms) = postSolution
		{31A4B4D8-0D56-4F5E-9FA8-ABD584A2319E}.Debug|Any CPU.ActiveCfg = Debug|Any CPU
		{31A4B4D8-0D56-4F5E-9FA8-ABD584A2319E}.Debug|Any CPU.Build.0 = Debug|Any CPU
		{31A4B4D8-0D56-4F5E-9FA8-ABD584A2319E}.Release|Any CPU.ActiveCfg = Release|Any CPU
		{31A4B4D8-0D56-4F5E-9FA8-ABD584A2319E}.Release|Any CPU.Build.0 = Release|Any CPU
	EndGlobalSection
	GlobalSection(SolutionProperties) = preSolution
		HideSolutionNode = FALSE
	EndGlobalSection
	GlobalSection(ExtensibilityGlobals) = postSolution
		SolutionGuid = {76E49C9C-52F9-4EE2-B057-7A916D4C5E7B}
	EndGlobalSection
EndGlobal
