
Microsoft Visual Studio Solution File, Format Version 12.00
# Visual Studio 15
VisualStudioVersion = 15.0.27703.2042
MinimumVisualStudioVersion = 10.0.40219.1
Project("{FAE04EC0-301F-11D3-BF4B-00C04F79EFBC}") = "խնդիր_18", "խնդիր_18\խնդիր_18.csproj", "{70188D2A-B940-4B94-BE2A-79ABCF80E64D}"
EndProject
Global
	GlobalSection(SolutionConfigurationPlatforms) = preSolution
		Debug|Any CPU = Debug|Any CPU
		Release|Any CPU = Release|Any CPU
	EndGlobalSection
	GlobalSection(ProjectConfigurationPlatforms) = postSolution
		{70188D2A-B940-4B94-BE2A-79ABCF80E64D}.Debug|Any CPU.ActiveCfg = Debug|Any CPU
		{70188D2A-B940-4B94-BE2A-79ABCF80E64D}.Debug|Any CPU.Build.0 = Debug|Any CPU
		{70188D2A-B940-4B94-BE2A-79ABCF80E64D}.Release|Any CPU.ActiveCfg = Release|Any CPU
		{70188D2A-B940-4B94-BE2A-79ABCF80E64D}.Release|Any CPU.Build.0 = Release|Any CPU
	EndGlobalSection
	GlobalSection(SolutionProperties) = preSolution
		HideSolutionNode = FALSE
	EndGlobalSection
	GlobalSection(ExtensibilityGlobals) = postSolution
		SolutionGuid = {197848B9-FBA6-4DE6-9DA2-43251642C683}
	EndGlobalSection
EndGlobal
