
Microsoft Visual Studio Solution File, Format Version 12.00
# Visual Studio 15
VisualStudioVersion = 15.0.27703.2042
MinimumVisualStudioVersion = 10.0.40219.1
Project("{FAE04EC0-301F-11D3-BF4B-00C04F79EFBC}") = "While_2", "While_2\While_2.csproj", "{816C3F3A-AEB5-45EA-95F3-2D7AC37B42EF}"
EndProject
Global
	GlobalSection(SolutionConfigurationPlatforms) = preSolution
		Debug|Any CPU = Debug|Any CPU
		Release|Any CPU = Release|Any CPU
	EndGlobalSection
	GlobalSection(ProjectConfigurationPlatforms) = postSolution
		{816C3F3A-AEB5-45EA-95F3-2D7AC37B42EF}.Debug|Any CPU.ActiveCfg = Debug|Any CPU
		{816C3F3A-AEB5-45EA-95F3-2D7AC37B42EF}.Debug|Any CPU.Build.0 = Debug|Any CPU
		{816C3F3A-AEB5-45EA-95F3-2D7AC37B42EF}.Release|Any CPU.ActiveCfg = Release|Any CPU
		{816C3F3A-AEB5-45EA-95F3-2D7AC37B42EF}.Release|Any CPU.Build.0 = Release|Any CPU
	EndGlobalSection
	GlobalSection(SolutionProperties) = preSolution
		HideSolutionNode = FALSE
	EndGlobalSection
	GlobalSection(ExtensibilityGlobals) = postSolution
		SolutionGuid = {842EA28B-C683-4724-8F61-FC505149270A}
	EndGlobalSection
EndGlobal
