
Microsoft Visual Studio Solution File, Format Version 12.00
# Visual Studio 15
VisualStudioVersion = 15.0.27703.2042
MinimumVisualStudioVersion = 10.0.40219.1
Project("{FAE04EC0-301F-11D3-BF4B-00C04F79EFBC}") = "While_12", "While_12\While_12.csproj", "{7DBCA688-649A-4B0B-B5A1-A2DA3177930B}"
EndProject
Global
	GlobalSection(SolutionConfigurationPlatforms) = preSolution
		Debug|Any CPU = Debug|Any CPU
		Release|Any CPU = Release|Any CPU
	EndGlobalSection
	GlobalSection(ProjectConfigurationPlatforms) = postSolution
		{7DBCA688-649A-4B0B-B5A1-A2DA3177930B}.Debug|Any CPU.ActiveCfg = Debug|Any CPU
		{7DBCA688-649A-4B0B-B5A1-A2DA3177930B}.Debug|Any CPU.Build.0 = Debug|Any CPU
		{7DBCA688-649A-4B0B-B5A1-A2DA3177930B}.Release|Any CPU.ActiveCfg = Release|Any CPU
		{7DBCA688-649A-4B0B-B5A1-A2DA3177930B}.Release|Any CPU.Build.0 = Release|Any CPU
	EndGlobalSection
	GlobalSection(SolutionProperties) = preSolution
		HideSolutionNode = FALSE
	EndGlobalSection
	GlobalSection(ExtensibilityGlobals) = postSolution
		SolutionGuid = {2B351E24-ACD6-4704-9181-EA45A090745B}
	EndGlobalSection
EndGlobal
