
Microsoft Visual Studio Solution File, Format Version 12.00
# Visual Studio 15
VisualStudioVersion = 15.0.27703.2042
MinimumVisualStudioVersion = 10.0.40219.1
Project("{FAE04EC0-301F-11D3-BF4B-00C04F79EFBC}") = "Խնդիր 2", "Խնդիր թ\Խնդիր 2.csproj", "{435CA06B-8E53-476C-A164-D301E27D1204}"
EndProject
Global
	GlobalSection(SolutionConfigurationPlatforms) = preSolution
		Debug|Any CPU = Debug|Any CPU
		Release|Any CPU = Release|Any CPU
	EndGlobalSection
	GlobalSection(ProjectConfigurationPlatforms) = postSolution
		{435CA06B-8E53-476C-A164-D301E27D1204}.Debug|Any CPU.ActiveCfg = Debug|Any CPU
		{435CA06B-8E53-476C-A164-D301E27D1204}.Debug|Any CPU.Build.0 = Debug|Any CPU
		{435CA06B-8E53-476C-A164-D301E27D1204}.Release|Any CPU.ActiveCfg = Release|Any CPU
		{435CA06B-8E53-476C-A164-D301E27D1204}.Release|Any CPU.Build.0 = Release|Any CPU
	EndGlobalSection
	GlobalSection(SolutionProperties) = preSolution
		HideSolutionNode = FALSE
	EndGlobalSection
	GlobalSection(ExtensibilityGlobals) = postSolution
		SolutionGuid = {48EF5CB7-B3AA-427E-87B1-244F74014851}
	EndGlobalSection
EndGlobal
