
Microsoft Visual Studio Solution File, Format Version 12.00
# Visual Studio 15
VisualStudioVersion = 15.0.28010.2019
MinimumVisualStudioVersion = 10.0.40219.1
Project("{FAE04EC0-301F-11D3-BF4B-00C04F79EFBC}") = "Singletypes", "Singletypes\Singletypes.csproj", "{969E6FD1-ADC5-4A9D-858E-9E434E46E360}"
EndProject
Global
	GlobalSection(SolutionConfigurationPlatforms) = preSolution
		Debug|Any CPU = Debug|Any CPU
		Release|Any CPU = Release|Any CPU
	EndGlobalSection
	GlobalSection(ProjectConfigurationPlatforms) = postSolution
		{969E6FD1-ADC5-4A9D-858E-9E434E46E360}.Debug|Any CPU.ActiveCfg = Debug|Any CPU
		{969E6FD1-ADC5-4A9D-858E-9E434E46E360}.Debug|Any CPU.Build.0 = Debug|Any CPU
		{969E6FD1-ADC5-4A9D-858E-9E434E46E360}.Release|Any CPU.ActiveCfg = Release|Any CPU
		{969E6FD1-ADC5-4A9D-858E-9E434E46E360}.Release|Any CPU.Build.0 = Release|Any CPU
	EndGlobalSection
	GlobalSection(SolutionProperties) = preSolution
		HideSolutionNode = FALSE
	EndGlobalSection
	GlobalSection(ExtensibilityGlobals) = postSolution
		SolutionGuid = {2549A905-F4AE-40CD-A18B-104D26F95CFB}
	EndGlobalSection
EndGlobal
