
Microsoft Visual Studio Solution File, Format Version 12.00
# Visual Studio 15
VisualStudioVersion = 15.0.27703.2042
MinimumVisualStudioVersion = 10.0.40219.1
Project("{FAE04EC0-301F-11D3-BF4B-00C04F79EFBC}") = "While_4", "While_4\While_4.csproj", "{EE33BE8C-6535-43DC-B2F7-93B215DA5BBE}"
EndProject
Global
	GlobalSection(SolutionConfigurationPlatforms) = preSolution
		Debug|Any CPU = Debug|Any CPU
		Release|Any CPU = Release|Any CPU
	EndGlobalSection
	GlobalSection(ProjectConfigurationPlatforms) = postSolution
		{EE33BE8C-6535-43DC-B2F7-93B215DA5BBE}.Debug|Any CPU.ActiveCfg = Debug|Any CPU
		{EE33BE8C-6535-43DC-B2F7-93B215DA5BBE}.Debug|Any CPU.Build.0 = Debug|Any CPU
		{EE33BE8C-6535-43DC-B2F7-93B215DA5BBE}.Release|Any CPU.ActiveCfg = Release|Any CPU
		{EE33BE8C-6535-43DC-B2F7-93B215DA5BBE}.Release|Any CPU.Build.0 = Release|Any CPU
	EndGlobalSection
	GlobalSection(SolutionProperties) = preSolution
		HideSolutionNode = FALSE
	EndGlobalSection
	GlobalSection(ExtensibilityGlobals) = postSolution
		SolutionGuid = {6C9BF91C-1C70-499D-AF80-7CBC89C56D22}
	EndGlobalSection
EndGlobal
