
Microsoft Visual Studio Solution File, Format Version 12.00
# Visual Studio 15
VisualStudioVersion = 15.0.27703.2042
MinimumVisualStudioVersion = 10.0.40219.1
Project("{FAE04EC0-301F-11D3-BF4B-00C04F79EFBC}") = "While_1", "While_1\While_1.csproj", "{E6311D41-0E39-46EE-A1B7-797C473DF3F3}"
EndProject
Global
	GlobalSection(SolutionConfigurationPlatforms) = preSolution
		Debug|Any CPU = Debug|Any CPU
		Release|Any CPU = Release|Any CPU
	EndGlobalSection
	GlobalSection(ProjectConfigurationPlatforms) = postSolution
		{E6311D41-0E39-46EE-A1B7-797C473DF3F3}.Debug|Any CPU.ActiveCfg = Debug|Any CPU
		{E6311D41-0E39-46EE-A1B7-797C473DF3F3}.Debug|Any CPU.Build.0 = Debug|Any CPU
		{E6311D41-0E39-46EE-A1B7-797C473DF3F3}.Release|Any CPU.ActiveCfg = Release|Any CPU
		{E6311D41-0E39-46EE-A1B7-797C473DF3F3}.Release|Any CPU.Build.0 = Release|Any CPU
	EndGlobalSection
	GlobalSection(SolutionProperties) = preSolution
		HideSolutionNode = FALSE
	EndGlobalSection
	GlobalSection(ExtensibilityGlobals) = postSolution
		SolutionGuid = {CF776463-7C34-4329-9A44-9479C087BF7B}
	EndGlobalSection
EndGlobal
